
Microsoft Visual Studio Solution File, Format Version 12.00
# Visual Studio Version 17
VisualStudioVersion = 17.12.35514.174
MinimumVisualStudioVersion = 10.0.40219.1
Project("{2150E333-8FDC-42A3-9474-1A3956D46DE8}") = "FileSnap.Core", "FileSnap.Core", "{508C2EFD-05CE-4441-8BBF-E30BB9A53704}"
EndProject
Project("{2150E333-8FDC-42A3-9474-1A3956D46DE8}") = "FileSnap.Tests", "FileSnap.Tests", "{6F641FD6-F279-4AA2-8757-F13404539C93}"
EndProject
Project("{FAE04EC0-301F-11D3-BF4B-00C04F79EFBC}") = "FileSnap.Core", "FileSnap.Core\FileSnap.Core.csproj", "{F63DE2BA-5172-4788-A829-322432D33BBB}"
EndProject
Project("{FAE04EC0-301F-11D3-BF4B-00C04F79EFBC}") = "FileSnap.Tests", "FileSnap.Tests\FileSnap.Tests.csproj", "{AB406A00-841C-4623-B28C-534E8DE2146B}"
EndProject
Project("{2150E333-8FDC-42A3-9474-1A3956D46DE8}") = "Solution Items", "Solution Items", "{C43DD537-D87D-441E-8064-24FAFBC72EAC}"
	ProjectSection(SolutionItems) = preProject
		LICENSE.txt = LICENSE.txt
		README.md = README.md
	EndProjectSection
EndProject
Project("{2150E333-8FDC-42A3-9474-1A3956D46DE8}") = "eng", "eng", "{A41C1CA1-E118-4397-AEE2-2FB45878A4A3}"
	ProjectSection(SolutionItems) = preProject
		.github\workflows\ci.yml = .github\workflows\ci.yml
		.github\workflows\publish.yml = .github\workflows\publish.yml
	EndProjectSection
EndProject
Project("{2150E333-8FDC-42A3-9474-1A3956D46DE8}") = "FileSnap.Benchmarks", "FileSnap.Benchmarks", "{3194B028-3240-438C-A3E4-C9C4177B8491}"
EndProject
Project("{FAE04EC0-301F-11D3-BF4B-00C04F79EFBC}") = "FileSnap.Benchmarks", "FileSnap.Benchmarks\FileSnap.Benchmarks.csproj", "{E8B30B86-B8B5-457C-AA94-65247C7C2FE9}"
EndProject
Project("{2150E333-8FDC-42A3-9474-1A3956D46DE8}") = "FileSnap.UI", "FileSnap.UI", "{C748E0FD-B027-4472-85F8-33CA28B96750}"
EndProject
Project("{FAE04EC0-301F-11D3-BF4B-00C04F79EFBC}") = "FileSnap.UI", "FileSnap.UI\FileSnap.UI.csproj", "{A8422E61-B5AA-4E85-854C-771C93DDE90F}"
EndProject
Global
	GlobalSection(SolutionConfigurationPlatforms) = preSolution
		Debug|Any CPU = Debug|Any CPU
		Release|Any CPU = Release|Any CPU
	EndGlobalSection
	GlobalSection(ProjectConfigurationPlatforms) = postSolution
		{F63DE2BA-5172-4788-A829-322432D33BBB}.Debug|Any CPU.ActiveCfg = Debug|Any CPU
		{F63DE2BA-5172-4788-A829-322432D33BBB}.Debug|Any CPU.Build.0 = Debug|Any CPU
		{F63DE2BA-5172-4788-A829-322432D33BBB}.Release|Any CPU.ActiveCfg = Release|Any CPU
		{F63DE2BA-5172-4788-A829-322432D33BBB}.Release|Any CPU.Build.0 = Release|Any CPU
		{AB406A00-841C-4623-B28C-534E8DE2146B}.Debug|Any CPU.ActiveCfg = Debug|Any CPU
		{AB406A00-841C-4623-B28C-534E8DE2146B}.Debug|Any CPU.Build.0 = Debug|Any CPU
		{AB406A00-841C-4623-B28C-534E8DE2146B}.Release|Any CPU.ActiveCfg = Release|Any CPU
		{AB406A00-841C-4623-B28C-534E8DE2146B}.Release|Any CPU.Build.0 = Release|Any CPU
		{E8B30B86-B8B5-457C-AA94-65247C7C2FE9}.Debug|Any CPU.ActiveCfg = Debug|Any CPU
		{E8B30B86-B8B5-457C-AA94-65247C7C2FE9}.Debug|Any CPU.Build.0 = Debug|Any CPU
		{E8B30B86-B8B5-457C-AA94-65247C7C2FE9}.Release|Any CPU.ActiveCfg = Release|Any CPU
		{E8B30B86-B8B5-457C-AA94-65247C7C2FE9}.Release|Any CPU.Build.0 = Release|Any CPU
		{A8422E61-B5AA-4E85-854C-771C93DDE90F}.Debug|Any CPU.ActiveCfg = Debug|Any CPU
		{A8422E61-B5AA-4E85-854C-771C93DDE90F}.Debug|Any CPU.Build.0 = Debug|Any CPU
		{A8422E61-B5AA-4E85-854C-771C93DDE90F}.Release|Any CPU.ActiveCfg = Release|Any CPU
		{A8422E61-B5AA-4E85-854C-771C93DDE90F}.Release|Any CPU.Build.0 = Release|Any CPU
	EndGlobalSection
	GlobalSection(SolutionProperties) = preSolution
		HideSolutionNode = FALSE
	EndGlobalSection
	GlobalSection(NestedProjects) = preSolution
		{F63DE2BA-5172-4788-A829-322432D33BBB} = {508C2EFD-05CE-4441-8BBF-E30BB9A53704}
		{AB406A00-841C-4623-B28C-534E8DE2146B} = {6F641FD6-F279-4AA2-8757-F13404539C93}
		{E8B30B86-B8B5-457C-AA94-65247C7C2FE9} = {3194B028-3240-438C-A3E4-C9C4177B8491}
		{A8422E61-B5AA-4E85-854C-771C93DDE90F} = {C748E0FD-B027-4472-85F8-33CA28B96750}
	EndGlobalSection
EndGlobal
